
Microsoft Visual Studio Solution File, Format Version 12.00
# Visual Studio Version 17
VisualStudioVersion = 17.10.35122.118
MinimumVisualStudioVersion = 10.0.40219.1
Project("{FAE04EC0-301F-11D3-BF4B-00C04F79EFBC}") = "ArtaleHelper", "ArtaleHelper\ArtaleHelper.csproj", "{18EC7C77-E202-49B1-AE93-C8C488615DB8}"
EndProject
Global
	GlobalSection(SolutionConfigurationPlatforms) = preSolution
		Debug|Any CPU = Debug|Any CPU
		Release|Any CPU = Release|Any CPU
	EndGlobalSection
	GlobalSection(ProjectConfigurationPlatforms) = postSolution
		{18EC7C77-E202-49B1-AE93-C8C488615DB8}.Debug|Any CPU.ActiveCfg = Release|Any CPU
		{18EC7C77-E202-49B1-AE93-C8C488615DB8}.Debug|Any CPU.Build.0 = Release|Any CPU
		{18EC7C77-E202-49B1-AE93-C8C488615DB8}.Release|Any CPU.ActiveCfg = Release|Any CPU
		{18EC7C77-E202-49B1-AE93-C8C488615DB8}.Release|Any CPU.Build.0 = Release|Any CPU
	EndGlobalSection
	GlobalSection(SolutionProperties) = preSolution
		HideSolutionNode = FALSE
	EndGlobalSection
	GlobalSection(ExtensibilityGlobals) = postSolution
		SolutionGuid = {D67BF462-F93A-437C-B418-02347BBA7F36}
	EndGlobalSection
EndGlobal
